
Microsoft Visual Studio Solution File, Format Version 12.00
# Visual Studio Version 17
VisualStudioVersion = 17.7.34221.43
MinimumVisualStudioVersion = 10.0.40219.1
Project("{FAE04EC0-301F-11D3-BF4B-00C04F79EFBC}") = "Assignment5_P3", "Assignment5_P3\Assignment5_P3.csproj", "{F4722D44-463C-4348-B267-E68FEC1A0533}"
EndProject
Global
	GlobalSection(SolutionConfigurationPlatforms) = preSolution
		Debug|Any CPU = Debug|Any CPU
		Release|Any CPU = Release|Any CPU
	EndGlobalSection
	GlobalSection(ProjectConfigurationPlatforms) = postSolution
		{F4722D44-463C-4348-B267-E68FEC1A0533}.Debug|Any CPU.ActiveCfg = Debug|Any CPU
		{F4722D44-463C-4348-B267-E68FEC1A0533}.Debug|Any CPU.Build.0 = Debug|Any CPU
		{F4722D44-463C-4348-B267-E68FEC1A0533}.Release|Any CPU.ActiveCfg = Release|Any CPU
		{F4722D44-463C-4348-B267-E68FEC1A0533}.Release|Any CPU.Build.0 = Release|Any CPU
	EndGlobalSection
	GlobalSection(SolutionProperties) = preSolution
		HideSolutionNode = FALSE
	EndGlobalSection
	GlobalSection(ExtensibilityGlobals) = postSolution
		SolutionGuid = {4ACFAF22-5A1E-4071-907E-5E040C15F476}
	EndGlobalSection
EndGlobal
